
Microsoft Visual Studio Solution File, Format Version 12.00
# Visual Studio Version 17
VisualStudioVersion = 17.8.34525.116
MinimumVisualStudioVersion = 10.0.40219.1
Project("{FAE04EC0-301F-11D3-BF4B-00C04F79EFBC}") = "FirstGame", "FirstGame\FirstGame.csproj", "{CFDE608A-2014-44A3-BB86-548D602ED720}"
EndProject
Global
	GlobalSection(SolutionConfigurationPlatforms) = preSolution
		Debug|Any CPU = Debug|Any CPU
		Release|Any CPU = Release|Any CPU
	EndGlobalSection
	GlobalSection(ProjectConfigurationPlatforms) = postSolution
		{CFDE608A-2014-44A3-BB86-548D602ED720}.Debug|Any CPU.ActiveCfg = Debug|Any CPU
		{CFDE608A-2014-44A3-BB86-548D602ED720}.Debug|Any CPU.Build.0 = Debug|Any CPU
		{CFDE608A-2014-44A3-BB86-548D602ED720}.Release|Any CPU.ActiveCfg = Release|Any CPU
		{CFDE608A-2014-44A3-BB86-548D602ED720}.Release|Any CPU.Build.0 = Release|Any CPU
	EndGlobalSection
	GlobalSection(SolutionProperties) = preSolution
		HideSolutionNode = FALSE
	EndGlobalSection
	GlobalSection(ExtensibilityGlobals) = postSolution
		SolutionGuid = {675B0C0D-CFD0-4715-AF0A-86841B832434}
	EndGlobalSection
EndGlobal
